
Microsoft Visual Studio Solution File, Format Version 12.00
Project("{2150E333-8FDC-42A3-9474-1A3956D46DE8}") = "Solution Items", "Solution Items", "{E0FC76FC-9347-4308-A0D1-A9E640C145E3}"
	ProjectSection(SolutionItems) = preProject
		README.md = README.md
		.gitignore = .gitignore
		LICENSE = LICENSE
		.editorconfig = .editorconfig
	EndProjectSection
EndProject
Project("{2150E333-8FDC-42A3-9474-1A3956D46DE8}") = "GitHub Workflows", "GitHub Workflows", "{D64BE009-9FBF-4482-AE0E-38C7B29479C4}"
	ProjectSection(SolutionItems) = preProject
		.github\workflows\dotnet-format.yml = .github\workflows\dotnet-format.yml
	EndProjectSection
EndProject
Project("{FAE04EC0-301F-11D3-BF4B-00C04F79EFBC}") = "Sagittaras.CDK.Framework", "Sagittaras.CDK.Framework\Sagittaras.CDK.Framework.csproj", "{940EEEA3-A068-4793-A44A-D2FCE1143E49}"
EndProject
Project("{FAE04EC0-301F-11D3-BF4B-00C04F79EFBC}") = "Sagittaras.CDK.Framework.Amplify", "Sagittaras.CDK.Framework.Amplify\Sagittaras.CDK.Framework.Amplify.csproj", "{A1368905-355A-41AA-B1F7-64F85D5B8C1F}"
EndProject
Project("{FAE04EC0-301F-11D3-BF4B-00C04F79EFBC}") = "Sagittaras.CDK.Framework.CodeArtifact", "Sagittaras.CDK.Framework.CodeArtifact\Sagittaras.CDK.Framework.CodeArtifact.csproj", "{66930C02-3DF6-45B4-83F7-DB1F0082D02B}"
EndProject
Project("{FAE04EC0-301F-11D3-BF4B-00C04F79EFBC}") = "Sagittaras.CDK.Framework.CodeBuild", "Sagittaras.CDK.Framework.CodeBuild\Sagittaras.CDK.Framework.CodeBuild.csproj", "{28EE486A-B86C-412F-9B6A-66B0CEB4EA68}"
EndProject
Project("{FAE04EC0-301F-11D3-BF4B-00C04F79EFBC}") = "Sagittaras.CDK.Framework.CodePipeline", "Sagittaras.CDK.Framework.CodePipeline\Sagittaras.CDK.Framework.CodePipeline.csproj", "{61F8F5CD-30FF-4019-AE9D-E1AD0DA55029}"
EndProject
Project("{FAE04EC0-301F-11D3-BF4B-00C04F79EFBC}") = "Sagittaras.CDK.Framework.IAM", "Sagittaras.CDK.Framework.IAM\Sagittaras.CDK.Framework.IAM.csproj", "{272BA799-3674-4104-8E01-511E9EDA0198}"
EndProject
Project("{FAE04EC0-301F-11D3-BF4B-00C04F79EFBC}") = "Sagittaras.CDK.Framework.Route53", "Sagittaras.CDK.Framework.Route53\Sagittaras.CDK.Framework.Route53.csproj", "{C8F37959-BCB7-43DC-9812-A5623E420923}"
EndProject
Project("{2150E333-8FDC-42A3-9474-1A3956D46DE8}") = "Sources", "Sources", "{AEF441A3-E5F9-46D2-82B9-8EE105CC3274}"
EndProject
Project("{2150E333-8FDC-42A3-9474-1A3956D46DE8}") = "1. Core", "1. Core", "{753E5D35-A9AF-4520-B1AC-8BBE0DB8C25B}"
EndProject
Project("{2150E333-8FDC-42A3-9474-1A3956D46DE8}") = "2. CDK Modules", "2. CDK Modules", "{506BD5FC-1E9D-47D4-A609-F977EDF69184}"
EndProject
Project("{2150E333-8FDC-42A3-9474-1A3956D46DE8}") = "Tests", "Tests", "{F2C4D978-97A6-4451-AAD2-16EDCA158D97}"
EndProject
Project("{FAE04EC0-301F-11D3-BF4B-00C04F79EFBC}") = "Sagittaras.CDK.Tests.Route53", "Sagittaras.CDK.Tests.Route53\Sagittaras.CDK.Tests.Route53.csproj", "{64D45D92-6955-42FC-87CD-E1419FB1EA17}"
EndProject
Project("{FAE04EC0-301F-11D3-BF4B-00C04F79EFBC}") = "Sagittaras.CDK.Tests", "Sagittaras.CDK.Tests\Sagittaras.CDK.Tests.csproj", "{E42AD3AD-DBF2-4A25-98CF-E8DA76B356AF}"
EndProject
Global
	GlobalSection(SolutionConfigurationPlatforms) = preSolution
		Debug|Any CPU = Debug|Any CPU
		Release|Any CPU = Release|Any CPU
	EndGlobalSection
	GlobalSection(NestedProjects) = preSolution
		{D64BE009-9FBF-4482-AE0E-38C7B29479C4} = {E0FC76FC-9347-4308-A0D1-A9E640C145E3}
		{753E5D35-A9AF-4520-B1AC-8BBE0DB8C25B} = {AEF441A3-E5F9-46D2-82B9-8EE105CC3274}
		{506BD5FC-1E9D-47D4-A609-F977EDF69184} = {AEF441A3-E5F9-46D2-82B9-8EE105CC3274}
		{940EEEA3-A068-4793-A44A-D2FCE1143E49} = {753E5D35-A9AF-4520-B1AC-8BBE0DB8C25B}
		{A1368905-355A-41AA-B1F7-64F85D5B8C1F} = {506BD5FC-1E9D-47D4-A609-F977EDF69184}
		{66930C02-3DF6-45B4-83F7-DB1F0082D02B} = {506BD5FC-1E9D-47D4-A609-F977EDF69184}
		{28EE486A-B86C-412F-9B6A-66B0CEB4EA68} = {506BD5FC-1E9D-47D4-A609-F977EDF69184}
		{61F8F5CD-30FF-4019-AE9D-E1AD0DA55029} = {506BD5FC-1E9D-47D4-A609-F977EDF69184}
		{272BA799-3674-4104-8E01-511E9EDA0198} = {506BD5FC-1E9D-47D4-A609-F977EDF69184}
		{C8F37959-BCB7-43DC-9812-A5623E420923} = {506BD5FC-1E9D-47D4-A609-F977EDF69184}
		{64D45D92-6955-42FC-87CD-E1419FB1EA17} = {F2C4D978-97A6-4451-AAD2-16EDCA158D97}
		{E42AD3AD-DBF2-4A25-98CF-E8DA76B356AF} = {F2C4D978-97A6-4451-AAD2-16EDCA158D97}
	EndGlobalSection
	GlobalSection(ProjectConfigurationPlatforms) = postSolution
		{940EEEA3-A068-4793-A44A-D2FCE1143E49}.Debug|Any CPU.ActiveCfg = Debug|Any CPU
		{940EEEA3-A068-4793-A44A-D2FCE1143E49}.Debug|Any CPU.Build.0 = Debug|Any CPU
		{940EEEA3-A068-4793-A44A-D2FCE1143E49}.Release|Any CPU.ActiveCfg = Release|Any CPU
		{940EEEA3-A068-4793-A44A-D2FCE1143E49}.Release|Any CPU.Build.0 = Release|Any CPU
		{A1368905-355A-41AA-B1F7-64F85D5B8C1F}.Debug|Any CPU.ActiveCfg = Debug|Any CPU
		{A1368905-355A-41AA-B1F7-64F85D5B8C1F}.Debug|Any CPU.Build.0 = Debug|Any CPU
		{A1368905-355A-41AA-B1F7-64F85D5B8C1F}.Release|Any CPU.ActiveCfg = Release|Any CPU
		{A1368905-355A-41AA-B1F7-64F85D5B8C1F}.Release|Any CPU.Build.0 = Release|Any CPU
		{66930C02-3DF6-45B4-83F7-DB1F0082D02B}.Debug|Any CPU.ActiveCfg = Debug|Any CPU
		{66930C02-3DF6-45B4-83F7-DB1F0082D02B}.Debug|Any CPU.Build.0 = Debug|Any CPU
		{66930C02-3DF6-45B4-83F7-DB1F0082D02B}.Release|Any CPU.ActiveCfg = Release|Any CPU
		{66930C02-3DF6-45B4-83F7-DB1F0082D02B}.Release|Any CPU.Build.0 = Release|Any CPU
		{28EE486A-B86C-412F-9B6A-66B0CEB4EA68}.Debug|Any CPU.ActiveCfg = Debug|Any CPU
		{28EE486A-B86C-412F-9B6A-66B0CEB4EA68}.Debug|Any CPU.Build.0 = Debug|Any CPU
		{28EE486A-B86C-412F-9B6A-66B0CEB4EA68}.Release|Any CPU.ActiveCfg = Release|Any CPU
		{28EE486A-B86C-412F-9B6A-66B0CEB4EA68}.Release|Any CPU.Build.0 = Release|Any CPU
		{61F8F5CD-30FF-4019-AE9D-E1AD0DA55029}.Debug|Any CPU.ActiveCfg = Debug|Any CPU
		{61F8F5CD-30FF-4019-AE9D-E1AD0DA55029}.Debug|Any CPU.Build.0 = Debug|Any CPU
		{61F8F5CD-30FF-4019-AE9D-E1AD0DA55029}.Release|Any CPU.ActiveCfg = Release|Any CPU
		{61F8F5CD-30FF-4019-AE9D-E1AD0DA55029}.Release|Any CPU.Build.0 = Release|Any CPU
		{272BA799-3674-4104-8E01-511E9EDA0198}.Debug|Any CPU.ActiveCfg = Debug|Any CPU
		{272BA799-3674-4104-8E01-511E9EDA0198}.Debug|Any CPU.Build.0 = Debug|Any CPU
		{272BA799-3674-4104-8E01-511E9EDA0198}.Release|Any CPU.ActiveCfg = Release|Any CPU
		{272BA799-3674-4104-8E01-511E9EDA0198}.Release|Any CPU.Build.0 = Release|Any CPU
		{C8F37959-BCB7-43DC-9812-A5623E420923}.Debug|Any CPU.ActiveCfg = Debug|Any CPU
		{C8F37959-BCB7-43DC-9812-A5623E420923}.Debug|Any CPU.Build.0 = Debug|Any CPU
		{C8F37959-BCB7-43DC-9812-A5623E420923}.Release|Any CPU.ActiveCfg = Release|Any CPU
		{C8F37959-BCB7-43DC-9812-A5623E420923}.Release|Any CPU.Build.0 = Release|Any CPU
		{64D45D92-6955-42FC-87CD-E1419FB1EA17}.Debug|Any CPU.ActiveCfg = Debug|Any CPU
		{64D45D92-6955-42FC-87CD-E1419FB1EA17}.Debug|Any CPU.Build.0 = Debug|Any CPU
		{64D45D92-6955-42FC-87CD-E1419FB1EA17}.Release|Any CPU.ActiveCfg = Release|Any CPU
		{64D45D92-6955-42FC-87CD-E1419FB1EA17}.Release|Any CPU.Build.0 = Release|Any CPU
		{E42AD3AD-DBF2-4A25-98CF-E8DA76B356AF}.Debug|Any CPU.ActiveCfg = Debug|Any CPU
		{E42AD3AD-DBF2-4A25-98CF-E8DA76B356AF}.Debug|Any CPU.Build.0 = Debug|Any CPU
		{E42AD3AD-DBF2-4A25-98CF-E8DA76B356AF}.Release|Any CPU.ActiveCfg = Release|Any CPU
		{E42AD3AD-DBF2-4A25-98CF-E8DA76B356AF}.Release|Any CPU.Build.0 = Release|Any CPU
	EndGlobalSection
EndGlobal
