
Microsoft Visual Studio Solution File, Format Version 12.00
Project("{2150E333-8FDC-42A3-9474-1A3956D46DE8}") = "Solution Items", "Solution Items", "{E0FC76FC-9347-4308-A0D1-A9E640C145E3}"
	ProjectSection(SolutionItems) = preProject
		README.md = README.md
		.gitignore = .gitignore
		LICENSE = LICENSE
		.editorconfig = .editorconfig
	EndProjectSection
EndProject
Project("{2150E333-8FDC-42A3-9474-1A3956D46DE8}") = "GitHub Workflows", "GitHub Workflows", "{D64BE009-9FBF-4482-AE0E-38C7B29479C4}"
	ProjectSection(SolutionItems) = preProject
		.github\workflows\dotnet-format.yml = .github\workflows\dotnet-format.yml
	EndProjectSection
EndProject
Global
	GlobalSection(SolutionConfigurationPlatforms) = preSolution
		Debug|Any CPU = Debug|Any CPU
		Release|Any CPU = Release|Any CPU
	EndGlobalSection
	GlobalSection(NestedProjects) = preSolution
		{D64BE009-9FBF-4482-AE0E-38C7B29479C4} = {E0FC76FC-9347-4308-A0D1-A9E640C145E3}
	EndGlobalSection
EndGlobal
